Microsoft Visual Studio Solution File, Format Version 11.00
# Visual Studio 2008

Project("{F51FFD42-6889-4F38-F639-613799F1E290}") = "SDKUnityTest", "Assembly-CSharp-firstpass.csproj", "{D31E043B-0EE7-F056-B4D3-D1987B9EE159}"
EndProject
Project("{F51FFD42-6889-4F38-F639-613799F1E290}") = "SDKUnityTest", "Assembly-UnityScript.unityproj", "{3C2FDD38-12C2-AA16-D9FA-C1FA9AE29272}"
EndProject
Global
	GlobalSection(SolutionConfigurationPlatforms) = preSolution
		Debug|Any CPU = Debug|Any CPU
		Release|Any CPU = Release|Any CPU
	EndGlobalSection
	GlobalSection(ProjectConfigurationPlatforms) = postSolution
		{D31E043B-0EE7-F056-B4D3-D1987B9EE159}.Debug|Any CPU.ActiveCfg = Debug|Any CPU
		{D31E043B-0EE7-F056-B4D3-D1987B9EE159}.Debug|Any CPU.Build.0 = Debug|Any CPU
		{D31E043B-0EE7-F056-B4D3-D1987B9EE159}.Release|Any CPU.ActiveCfg = Release|Any CPU
		{D31E043B-0EE7-F056-B4D3-D1987B9EE159}.Release|Any CPU.Build.0 = Release|Any CPU
		{3C2FDD38-12C2-AA16-D9FA-C1FA9AE29272}.Debug|Any CPU.ActiveCfg = Debug|Any CPU
		{3C2FDD38-12C2-AA16-D9FA-C1FA9AE29272}.Debug|Any CPU.Build.0 = Debug|Any CPU
		{3C2FDD38-12C2-AA16-D9FA-C1FA9AE29272}.Release|Any CPU.ActiveCfg = Release|Any CPU
		{3C2FDD38-12C2-AA16-D9FA-C1FA9AE29272}.Release|Any CPU.Build.0 = Release|Any CPU
	EndGlobalSection
	GlobalSection(SolutionProperties) = preSolution
		HideSolutionNode = FALSE
	EndGlobalSection
			GlobalSection(MonoDevelopProperties) = preSolution
		StartupItem = Assembly-CSharp.csproj
		Policies = $0
		$0.TextStylePolicy = $1
		$1.inheritsSet = null
		$1.scope = text/x-csharp
		$0.CSharpFormattingPolicy = $2
		$2.inheritsSet = Mono
		$2.inheritsScope = text/x-csharp
		$2.scope = text/x-csharp
		$0.TextStylePolicy = $3
		$3.FileWidth = 120
		$3.TabWidth = 4
		$3.EolMarker = Unix
		$3.inheritsSet = Mono
		$3.inheritsScope = text/plain
		$3.scope = text/plain
	EndGlobalSection

EndGlobal
